{
  "name": "npm_tocon",
  "version": "1.0.0",
  "lockfileVersion": 2,
  "requires": true,
  "packages": {
    "": {
      "name": "npm_tocon",
      "version": "1.0.0",
      "license": "ISC",
      "dependencies": {
        "npm_tocon": "^1.0.0"
      }
    },
    "node_modules/npm_tocon": {
      "version": "1.0.0",
      "resolved": "https://registry.npmjs.org/npm_tocon/-/npm_tocon-1.0.0.tgz",
      "integrity": "sha512-VYmPCJTlWrI8i5luEd5+oYI6/FP0y/BWeXx26DrFC/yOmD26vyiYURaFlje5186z5dXkvm6XEZmVMLt+D8d0Eg=="
    }
  },
  "dependencies": {
    "npm_tocon": {
      "version": "1.0.0",
      "resolved": "https://registry.npmjs.org/npm_tocon/-/npm_tocon-1.0.0.tgz",
      "integrity": "sha512-VYmPCJTlWrI8i5luEd5+oYI6/FP0y/BWeXx26DrFC/yOmD26vyiYURaFlje5186z5dXkvm6XEZmVMLt+D8d0Eg=="
    }
  }
}
